{
  "object": {
    "pins": [
      {
        "package": "Command",
        "repositoryURL": "https://github.com/ITzTravelInTime/Command",
        "state": {
          "branch": "main",
          "revision": "833d6612c8cc990a0177265873fe37c6e22c3a7f",
          "version": null
        }
      },
      {
        "package": "SwiftCPUDetect",
        "repositoryURL": "https://github.com/ITzTravelInTime/SwiftCPUDetect",
        "state": {
          "branch": null,
          "revision": "60fe602eb74fee2692b1eb4633890e5957fffcd0",
          "version": "1.1.0"
        }
      },
      {
        "package": "SwiftLoggedPrint",
        "repositoryURL": "https://github.com/ITzTravelInTime/SwiftLoggedPrint",
        "state": {
          "branch": "main",
          "revision": "e2cd16cdde8f1c7a91ed76ef01b8ac1a5d72dedd",
          "version": null
        }
      },
      {
        "package": "TINUNotifications",
        "repositoryURL": "https://github.com/ITzTravelInTime/TINUNotifications",
        "state": {
          "branch": "main",
          "revision": "00ff309e57d7dfa69e95e95ebd7092aeaa9ae628",
          "version": null
        }
      },
      {
        "package": "TINURecovery",
        "repositoryURL": "https://github.com/ITzTravelInTime/TINURecovery",
        "state": {
          "branch": "main",
          "revision": "ca96e3280a9b9f0592b138afcf3fc68b1b0b9bca",
          "version": null
        }
      }
    ]
  },
  "version": 1
}
