{
  "object": {
    "pins": [
      {
        "package": "Command",
        "repositoryURL": "https://github.com/ITzTravelInTime/Command",
        "state": {
          "branch": null,
          "revision": "2eed73ce5907ca99be1ff9221db9ca1c7147b93e",
          "version": "2.1.2"
        }
      },
      {
        "package": "SwiftLoggedPrint",
        "repositoryURL": "https://github.com/ITzTravelInTime/SwiftLoggedPrint",
        "state": {
          "branch": null,
          "revision": "99e88579542a17863435d78c71c499679a3f397e",
          "version": "3.1.2"
        }
      },
      {
        "package": "TINUNotifications",
        "repositoryURL": "https://github.com/ITzTravelInTime/TINUNotifications",
        "state": {
          "branch": null,
          "revision": "81eabefac20163e966fdddc8ce588597fe3ecbc5",
          "version": "3.0.7"
        }
      },
      {
        "package": "TINURecovery",
        "repositoryURL": "https://github.com/ITzTravelInTime/TINURecovery",
        "state": {
          "branch": null,
          "revision": "f5d4077abe3f9b5d58b7fe84f4dc31763433546b",
          "version": "4.0.0"
        }
      }
    ]
  },
  "version": 1
}
